
Microsoft Visual Studio Solution File, Format Version 12.00
# Visual Studio Version 17
VisualStudioVersion = 17.8.34309.116
MinimumVisualStudioVersion = 10.0.40219.1
Project("{FAE04EC0-301F-11D3-BF4B-00C04F79EFBC}") = "BaseConvertorByAsror", "BaseConvertorByAsror\BaseConvertorByAsror.csproj", "{53AD967A-6CB1-45EB-9F51-F93C168545E8}"
EndProject
Global
	GlobalSection(SolutionConfigurationPlatforms) = preSolution
		Debug|Any CPU = Debug|Any CPU
		Release|Any CPU = Release|Any CPU
	EndGlobalSection
	GlobalSection(ProjectConfigurationPlatforms) = postSolution
		{53AD967A-6CB1-45EB-9F51-F93C168545E8}.Debug|Any CPU.ActiveCfg = Debug|Any CPU
		{53AD967A-6CB1-45EB-9F51-F93C168545E8}.Debug|Any CPU.Build.0 = Debug|Any CPU
		{53AD967A-6CB1-45EB-9F51-F93C168545E8}.Release|Any CPU.ActiveCfg = Release|Any CPU
		{53AD967A-6CB1-45EB-9F51-F93C168545E8}.Release|Any CPU.Build.0 = Release|Any CPU
	EndGlobalSection
	GlobalSection(SolutionProperties) = preSolution
		HideSolutionNode = FALSE
	EndGlobalSection
	GlobalSection(ExtensibilityGlobals) = postSolution
		SolutionGuid = {A7FE505C-3FEE-46F5-8921-D7FDABF3F492}
	EndGlobalSection
EndGlobal
