
Microsoft Visual Studio Solution File, Format Version 12.00
# Visual Studio Version 17
VisualStudioVersion = 17.8.34309.116
MinimumVisualStudioVersion = 10.0.40219.1
Project("{FAE04EC0-301F-11D3-BF4B-00C04F79EFBC}") = "BaseConvertorByAsror", "BaseConvertorByAsror\BaseConvertorByAsror.csproj", "{C3B082C8-37BE-423D-8E0E-7FE3621DF244}"
EndProject
Global
	GlobalSection(SolutionConfigurationPlatforms) = preSolution
		Debug|Any CPU = Debug|Any CPU
		Release|Any CPU = Release|Any CPU
	EndGlobalSection
	GlobalSection(ProjectConfigurationPlatforms) = postSolution
		{C3B082C8-37BE-423D-8E0E-7FE3621DF244}.Debug|Any CPU.ActiveCfg = Debug|Any CPU
		{C3B082C8-37BE-423D-8E0E-7FE3621DF244}.Debug|Any CPU.Build.0 = Debug|Any CPU
		{C3B082C8-37BE-423D-8E0E-7FE3621DF244}.Release|Any CPU.ActiveCfg = Release|Any CPU
		{C3B082C8-37BE-423D-8E0E-7FE3621DF244}.Release|Any CPU.Build.0 = Release|Any CPU
	EndGlobalSection
	GlobalSection(SolutionProperties) = preSolution
		HideSolutionNode = FALSE
	EndGlobalSection
	GlobalSection(ExtensibilityGlobals) = postSolution
		SolutionGuid = {D1CB1A0C-38F2-433C-958A-3F1A78DD7ED5}
	EndGlobalSection
EndGlobal
